
Microsoft Visual Studio Solution File, Format Version 12.00
# Visual Studio Version 16
VisualStudioVersion = 16.0.30804.86
MinimumVisualStudioVersion = 10.0.40219.1
Project("{FAE04EC0-301F-11D3-BF4B-00C04F79EFBC}") = "ServiceAvailabilityTest", "ServiceAvailabilityTest\ServiceAvailabilityTest.csproj", "{CE7D6175-A41A-4021-912E-351764E05AEC}"
EndProject
Global
	GlobalSection(SolutionConfigurationPlatforms) = preSolution
		Debug|Any CPU = Debug|Any CPU
		Release|Any CPU = Release|Any CPU
	EndGlobalSection
	GlobalSection(ProjectConfigurationPlatforms) = postSolution
		{CE7D6175-A41A-4021-912E-351764E05AEC}.Debug|Any CPU.ActiveCfg = Debug|Any CPU
		{CE7D6175-A41A-4021-912E-351764E05AEC}.Debug|Any CPU.Build.0 = Debug|Any CPU
		{CE7D6175-A41A-4021-912E-351764E05AEC}.Release|Any CPU.ActiveCfg = Release|Any CPU
		{CE7D6175-A41A-4021-912E-351764E05AEC}.Release|Any CPU.Build.0 = Release|Any CPU
	EndGlobalSection
	GlobalSection(SolutionProperties) = preSolution
		HideSolutionNode = FALSE
	EndGlobalSection
	GlobalSection(ExtensibilityGlobals) = postSolution
		SolutionGuid = {41D061AD-A9DA-4566-A990-8705F1D715C0}
	EndGlobalSection
EndGlobal
